<Solution>
  <Project Path="WpfApp1/WpfApp1.csproj" />
  <Project Path="WpfApp10/WpfApp10.csproj" Id="e824b7a1-69ed-4132-9610-5a7fdfa26db5" />
  <Project Path="WpfApp11/WpfApp11.csproj" Id="2289d0a9-462d-4f74-909a-33af222e8eca" />
  <Project Path="WpfApp2/WpfApp2.csproj" Id="960206db-5d89-43c0-95c0-cc2cf646ba29" />
  <Project Path="WpfApp3/WpfApp3.csproj" Id="7ad2f1bf-913c-475c-a877-dad8e27c9278" />
  <Project Path="WpfApp4/WpfApp4.csproj" Id="92a4c4a3-35b2-4041-afc7-374e7a5c593e" />
  <Project Path="WpfApp5/WpfApp5.csproj" Id="1993911a-3a4a-4ab6-998c-e93e62a346fe" />
  <Project Path="WpfApp6/WpfApp6.csproj" Id="555a666f-1818-4af6-9ef5-9e08237a5291" />
  <Project Path="WpfApp7/WpfApp7.csproj" Id="51436d94-68ee-4eeb-a85f-e628f415db87" />
  <Project Path="WpfApp8/WpfApp8.csproj" Id="64204a4e-107f-4253-894e-106e8f337212" />
  <Project Path="WpfApp9/WpfApp9.csproj" Id="c7a48a6b-73bd-4111-82a3-0ed145314c65" />
</Solution>
